symfony b66b6fc99e76cad4c54aa5267162a7818faef2b7
twig 396435ecd05556adb0a8bd05b14641cb4f8a8aa5
monolog b704c49a3051536f67f2d39f13568f74615b9922
doctrine-common 41794945e795e108060eddb3342c9e13524b9b3e
doctrine-dbal 9d3625eeb1f7c840d3897d8961e977b554276a1d
doctrine 07ee8c524984c425dade9baf39911a68c3a9b22a
DoctrineBundle 9c8cdd383be8d8a9fd8113289cd36e3453c81e1c
swiftmailer 1f273a7cd466a2dd82e59431dd5ce15f36996688
assetic f829ad23d23c87480151a21faad49fefe7c09e5d
twig-extensions 446d870272cd87a720e95242eade38a2acf56eaa
metadata 7d97f1725063f04ef1894a86740b261daf229b89
SensioFrameworkExtraBundle 1eda94d838aa885e154f92f426df35f2252cdb92
JMSSecurityExtraBundle e752f888c51425f71382c056961f10f2be642102
SensioDistributionBundle 77b7e8fabfb47ab81014759e59dd82f56f6c62f9
SensioGeneratorBundle d570af6edd06f546f4f301300396c543aedc7f26
AsseticBundle 9c1b7269a4517d1ae94af2dc0d6d6fc4b31e6c10
FOSUserBundle b3dc5faf0017a621537dd5ec44047be5ad5bb82e
DoctrineExtension 7c5df3691bd404a3f24998e198f197bc7431df14
DoctrineExtensionsBundle f141a698d65271a18d86469c1f7b29d7e24170dd
KnpMenuBundle
doctrine-fixtures 7980ea20b3c6e5104241acb430e4822b8bc402ae
DoctrineFixturesBundle a66be2f077f3a4e5c3801b356b42b8782f1abbd6
CKEditorBundle 13d79549d532d1231e5e19b3def93f0c2e7a0ee3
LeekGitDebugBundle d350af333c49a7ef5de0370aeec735838fa47162
EWZSearchBundle 0c4f8f1083039ff4bfeb472fb7bab054f0870d62
Search fa98b07c5246a71fa3e6108b89dccd2dfb7fad19
SonataSeoBundle 1701b140ced546fe298da8e16506c97fea88e21f