{
    "hash": "859d5b5f0404e906c905fbc9864e4581",
    "packages": [
        {
            "name": "doctrine/common",
            "version": "2.3.x-dev",
            "source": {
                "type": "git",
                "url": "https://github.com/doctrine/common",
                "reference": "bb0aebbf234db52df476a2b473d434745b34221c"
            },
            "dist": {
                "type": "zip",
                "url": "https://github.com/doctrine/common/archive/bb0aebbf234db52df476a2b473d434745b34221c.zip",
                "reference": "bb0aebbf234db52df476a2b473d434745b34221c",
                "shasum": ""
            },
            "require": {
                "php": ">=5.3.2"
            },
            "time": "2012-09-20 05:55:18",
            "type": "library",
            "extra": {
                "branch-alias": {
                    "dev-master": "2.3.x-dev"
                }
            },
            "installation-source": "source",
            "autoload": {
                "psr-0": {
                    "Doctrine\\Common": "lib/"
                }
            },
            "notification-url": "https://packagist.org/downloads/",
            "license": [
                "MIT"
            ],
            "authors": [
                {
                    "name": "Jonathan Wage",
                    "email": "jonwage@gmail.com",
                    "homepage": "http://www.jwage.com/"
                },
                {
                    "name": "Guilherme Blanco",
                    "email": "guilhermeblanco@gmail.com",
                    "homepage": "http://www.instaclick.com"
                },
                {
                    "name": "Roman Borschel",
                    "email": "roman@code-factory.org"
                },
                {
                    "name": "Benjamin Eberlei",
                    "email": "kontakt@beberlei.de"
                },
                {
                    "name": "Johannes Schmitt",
                    "email": "schmittjoh@gmail.com",
                    "homepage": "https://github.com/schmittjoh",
                    "role": "Developer of wrapped JMSSerializerBundle"
                }
            ],
            "description": "Common Library for Doctrine projects",
            "homepage": "http://www.doctrine-project.org",
            "keywords": [
                "collections",
                "spl",
                "eventmanager",
                "annotations",
                "persistence"
            ]
        },
        {
            "name": "symfony/symfony",
            "version": "dev-master",
            "source": {
                "type": "git",
                "url": "git://github.com/symfony/symfony.git",
                "reference": "48920722f734aae7c4b04b1338ed30ab469d0db9"
            },
            "dist": {
                "type": "zip",
                "url": "https://github.com/symfony/symfony/archive/48920722f734aae7c4b04b1338ed30ab469d0db9.zip",
                "reference": "48920722f734aae7c4b04b1338ed30ab469d0db9",
                "shasum": ""
            },
            "require": {
                "doctrine/common": ">2.2,<2.4-dev",
                "php": ">=5.3.3",
                "twig/twig": ">=1.11.0,<2.0-dev"
            },
            "replace": {
                "symfony/doctrine-bridge": "self.version",
                "symfony/monolog-bridge": "self.version",
                "symfony/propel1-bridge": "self.version",
                "symfony/swiftmailer-bridge": "self.version",
                "symfony/twig-bridge": "self.version",
                "symfony/framework-bundle": "self.version",
                "symfony/security-bundle": "self.version",
                "symfony/twig-bundle": "self.version",
                "symfony/web-profiler-bundle": "self.version",
                "symfony/browser-kit": "self.version",
                "symfony/class-loader": "self.version",
                "symfony/config": "self.version",
                "symfony/console": "self.version",
                "symfony/css-selector": "self.version",
                "symfony/dependency-injection": "self.version",
                "symfony/dom-crawler": "self.version",
                "symfony/event-dispatcher": "self.version",
                "symfony/filesystem": "self.version",
                "symfony/finder": "self.version",
                "symfony/form": "self.version",
                "symfony/http-foundation": "self.version",
                "symfony/http-kernel": "self.version",
                "symfony/locale": "self.version",
                "symfony/options-resolver": "self.version",
                "symfony/process": "self.version",
                "symfony/routing": "self.version",
                "symfony/security": "self.version",
                "symfony/serializer": "self.version",
                "symfony/templating": "self.version",
                "symfony/translation": "self.version",
                "symfony/validator": "self.version",
                "symfony/yaml": "self.version",
                "symfony/stopwatch": "self.version"
            },
            "require-dev": {
                "doctrine/data-fixtures": "1.0.*",
                "propel/propel1": "dev-master",
                "doctrine/dbal": ">=2.2,<2.4-dev",
                "doctrine/orm": ">=2.2.3,<2.4-dev",
                "monolog/monolog": "1.*"
            },
            "suggest": {
                "doctrine/data-fixtures": "1.0.*"
            },
            "time": "2012-12-28 13:21:48",
            "type": "library",
            "extra": {
                "branch-alias": {
                    "dev-master": "2.2-dev"
                }
            },
            "installation-source": "source",
            "autoload": {
                "psr-0": {
                    "Symfony\\": "src/"
                },
                "classmap": [
                    "src/Symfony/Component/HttpFoundation/Resources/stubs",
                    "src/Symfony/Component/Locale/Resources/stubs"
                ]
            },
            "notification-url": "https://packagist.org/downloads/",
            "license": [
                "MIT"
            ],
            "authors": [
                {
                    "name": "Fabien Potencier",
                    "email": "fabien@symfony.com"
                },
                {
                    "name": "Symfony Community",
                    "homepage": "http://symfony.com/contributors"
                }
            ],
            "description": "The Symfony PHP framework",
            "homepage": "http://symfony.com",
            "keywords": [
                "framework"
            ]
        },
        {
            "name": "twig/twig",
            "version": "dev-master",
            "source": {
                "type": "git",
                "url": "git://github.com/fabpot/Twig.git",
                "reference": "1b1a6e7de018d300e6eb67727f3717c24f4540ba"
            },
            "dist": {
                "type": "zip",
                "url": "https://github.com/fabpot/Twig/archive/1b1a6e7de018d300e6eb67727f3717c24f4540ba.zip",
                "reference": "1b1a6e7de018d300e6eb67727f3717c24f4540ba",
                "shasum": ""
            },
            "require": {
                "php": ">=5.2.4"
            },
            "time": "2012-12-27 16:33:50",
            "type": "library",
            "extra": {
                "branch-alias": {
                    "dev-master": "1.12-dev"
                }
            },
            "installation-source": "source",
            "autoload": {
                "psr-0": {
                    "Twig_": "lib/"
                }
            },
            "notification-url": "https://packagist.org/downloads/",
            "license": [
                "BSD-3"
            ],
            "authors": [
                {
                    "name": "Fabien Potencier",
                    "email": "fabien@symfony.com"
                },
                {
                    "name": "Armin Ronacher",
                    "email": "armin.ronacher@active-4.com"
                }
            ],
            "description": "Twig, the flexible, fast, and secure template language for PHP",
            "homepage": "http://twig.sensiolabs.org",
            "keywords": [
                "templating"
            ]
        }
    ],
    "packages-dev": [
        {
            "name": "doctrine/dbal",
            "version": "dev-master",
            "source": {
                "type": "git",
                "url": "https://github.com/doctrine/dbal",
                "reference": "63b7ef12a51fab0df4588dbd21bd1a3613bc0362"
            },
            "dist": {
                "type": "zip",
                "url": "https://github.com/doctrine/dbal/archive/63b7ef12a51fab0df4588dbd21bd1a3613bc0362.zip",
                "reference": "63b7ef12a51fab0df4588dbd21bd1a3613bc0362",
                "shasum": ""
            },
            "require": {
                "php": ">=5.3.2",
                "doctrine/common": ">=2.3-dev,<2.5-dev"
            },
            "time": "2012-12-23 21:25:15",
            "type": "library",
            "extra": {
                "branch-alias": {
                    "dev-master": "2.4.x-dev"
                }
            },
            "installation-source": "source",
            "autoload": {
                "psr-0": {
                    "Doctrine\\DBAL\\": "lib/"
                }
            },
            "notification-url": "https://packagist.org/downloads/",
            "license": [
                "MIT"
            ],
            "authors": [
                {
                    "name": "Jonathan Wage",
                    "email": "jonwage@gmail.com",
                    "homepage": "http://www.jwage.com/"
                },
                {
                    "name": "Guilherme Blanco",
                    "email": "guilhermeblanco@gmail.com",
                    "homepage": "http://www.instaclick.com"
                },
                {
                    "name": "Roman Borschel",
                    "email": "roman@code-factory.org"
                },
                {
                    "name": "Benjamin Eberlei",
                    "email": "kontakt@beberlei.de"
                }
            ],
            "description": "Database Abstraction Layer",
            "homepage": "http://www.doctrine-project.org",
            "keywords": [
                "database",
                "persistence",
                "dbal",
                "queryobject"
            ]
        },
        {
            "name": "doctrine/orm",
            "version": "dev-master",
            "source": {
                "type": "git",
                "url": "git://github.com/doctrine/doctrine2.git",
                "reference": "90b6d5e293147a0268ca005362ff50343bc6dc0f"
            },
            "dist": {
                "type": "zip",
                "url": "https://github.com/doctrine/doctrine2/archive/90b6d5e293147a0268ca005362ff50343bc6dc0f.zip",
                "reference": "90b6d5e293147a0268ca005362ff50343bc6dc0f",
                "shasum": ""
            },
            "require": {
                "php": ">=5.3.2",
                "ext-pdo": "*",
                "symfony/console": "2.*",
                "doctrine/dbal": ">=2.3-dev,<2.5-dev"
            },
            "suggest": {
                "symfony/yaml": "If you want to use YAML Metadata Mapping Driver"
            },
            "time": "2012-12-24 09:40:52",
            "bin": [
                "bin/doctrine",
                "bin/doctrine.php"
            ],
            "type": "library",
            "extra": {
                "branch-alias": {
                    "dev-master": "2.4.x-dev"
                }
            },
            "installation-source": "source",
            "autoload": {
                "psr-0": {
                    "Doctrine\\ORM\\": "lib/"
                }
            },
            "notification-url": "https://packagist.org/downloads/",
            "license": [
                "MIT"
            ],
            "authors": [
                {
                    "name": "Jonathan Wage",
                    "email": "jonwage@gmail.com",
                    "homepage": "http://www.jwage.com/"
                },
                {
                    "name": "Guilherme Blanco",
                    "email": "guilhermeblanco@gmail.com",
                    "homepage": "http://www.instaclick.com"
                },
                {
                    "name": "Roman Borschel",
                    "email": "roman@code-factory.org"
                },
                {
                    "name": "Benjamin Eberlei",
                    "email": "kontakt@beberlei.de"
                }
            ],
            "description": "Object-Relational-Mapper for PHP",
            "homepage": "http://www.doctrine-project.org",
            "keywords": [
                "database",
                "orm"
            ]
        },
        {
            "name": "friendsofsymfony/user-bundle",
            "version": "dev-master",
            "target-dir": "FOS/UserBundle",
            "source": {
                "type": "git",
                "url": "https://github.com/FriendsOfSymfony/FOSUserBundle",
                "reference": "401434d6c0ee395e91aebd42caf353d001bed282"
            },
            "dist": {
                "type": "zip",
                "url": "https://github.com/FriendsOfSymfony/FOSUserBundle/archive/401434d6c0ee395e91aebd42caf353d001bed282.zip",
                "reference": "401434d6c0ee395e91aebd42caf353d001bed282",
                "shasum": ""
            },
            "require": {
                "php": ">=5.3.2",
                "symfony/framework-bundle": ">=2.1,<2.3-dev",
                "symfony/security-bundle": ">=2.1,<2.3-dev"
            },
            "require-dev": {
                "twig/twig": "*",
                "doctrine/doctrine-bundle": "*",
                "swiftmailer/swiftmailer": "*",
                "willdurand/propel-typehintable-behavior": "dev-master",
                "symfony/validator": "2.1.*",
                "symfony/yaml": "2.1.*"
            },
            "suggest": {
                "doctrine/couchdb-odm-bundle": "*",
                "doctrine/doctrine-bundle": "*",
                "doctrine/mongodb-odm-bundle": "*"
            },
            "time": "2012-12-28 16:42:49",
            "type": "symfony-bundle",
            "extra": {
                "branch-alias": {
                    "dev-master": "2.0.x-dev"
                }
            },
            "installation-source": "source",
            "autoload": {
                "psr-0": {
                    "FOS\\UserBundle": ""
                }
            },
            "notification-url": "https://packagist.org/downloads/",
            "license": [
                "MIT"
            ],
            "authors": [
                {
                    "name": "Christophe Coevoet",
                    "email": "stof@notk.org"
                },
                {
                    "name": "Thibault Duplessis",
                    "email": "thibault.duplessis@gmail.com",
                    "homepage": "http://ornicar.github.com"
                },
                {
                    "name": "FriendsOfSymfony Community",
                    "homepage": "https://github.com/friendsofsymfony/FOSUserBundle/contributors"
                }
            ],
            "description": "Symfony FOSUserBundle",
            "homepage": "http://friendsofsymfony.github.com",
            "keywords": [
                "User management"
            ]
        },
        {
            "name": "swiftmailer/swiftmailer",
            "version": "v4.2.2",
            "source": {
                "type": "git",
                "url": "git://github.com/swiftmailer/swiftmailer.git",
                "reference": "v4.2.2"
            },
            "dist": {
                "type": "zip",
                "url": "https://github.com/swiftmailer/swiftmailer/zipball/v4.2.2",
                "reference": "v4.2.2",
                "shasum": ""
            },
            "require": {
                "php": ">=5.2.4"
            },
            "time": "2012-10-25 01:30:40",
            "type": "library",
            "extra": {
                "branch-alias": {
                    "dev-master": "4.2-dev"
                }
            },
            "installation-source": "source",
            "autoload": {
                "files": [
                    "lib/swift_required.php"
                ]
            },
            "notification-url": "https://packagist.org/downloads/",
            "license": [
                "LGPL"
            ],
            "authors": [
                {
                    "name": "Fabien Potencier",
                    "email": "fabien@symfony.com"
                },
                {
                    "name": "Chris Corbyn"
                }
            ],
            "description": "Swiftmailer, free feature-rich PHP mailer",
            "homepage": "http://swiftmailer.org",
            "keywords": [
                "mail",
                "mailer"
            ]
        },
        {
            "name": "symfony/swiftmailer-bundle",
            "version": "dev-master",
            "target-dir": "Symfony/Bundle/SwiftmailerBundle",
            "source": {
                "type": "git",
                "url": "https://github.com/symfony/SwiftmailerBundle",
                "reference": "v2.1.5"
            },
            "dist": {
                "type": "zip",
                "url": "https://github.com/symfony/SwiftmailerBundle/archive/v2.1.5.zip",
                "reference": "v2.1.5",
                "shasum": ""
            },
            "require": {
                "php": ">=5.3.2",
                "swiftmailer/swiftmailer": ">=4.2.0,<4.3-dev",
                "symfony/swiftmailer-bridge": ">=2.1.0,<2.3-dev"
            },
            "require-dev": {
                "symfony/dependency-injection": ">=2.1.0,<2.3-dev",
                "symfony/http-kernel": ">=2.1.0,<2.3-dev",
                "symfony/config": ">=2.1.0,<2.3-dev",
                "symfony/yaml": ">=2.1.0,<2.3-dev"
            },
            "time": "2012-10-17 04:18:11",
            "type": "symfony-bundle",
            "extra": {
                "branch-alias": {
                    "dev-master": "2.1-dev"
                }
            },
            "installation-source": "source",
            "autoload": {
                "psr-0": {
                    "Symfony\\Bundle\\SwiftmailerBundle": ""
                }
            },
            "notification-url": "https://packagist.org/downloads/",
            "license": [
                "MIT"
            ],
            "authors": [
                {
                    "name": "Fabien Potencier",
                    "email": "fabien@symfony.com"
                },
                {
                    "name": "Symfony Community",
                    "homepage": "http://symfony.com/contributors"
                }
            ],
            "description": "Symfony SwiftmailerBundle",
            "homepage": "http://symfony.com"
        },
        {
            "name": "tempo/userbundle",
            "version": "dev-master",
            "target-dir": "Tempo/UserBundle",
            "source": {
                "type": "git",
                "url": "https://github.com/tempo-project/UserBundle",
                "reference": "bcca67cfc1b852d6a9b6a5f9c6bec9adad51f99d"
            },
            "dist": {
                "type": "zip",
                "url": "https://github.com/tempo-project/UserBundle/archive/bcca67cfc1b852d6a9b6a5f9c6bec9adad51f99d.zip",
                "reference": "bcca67cfc1b852d6a9b6a5f9c6bec9adad51f99d",
                "shasum": ""
            },
            "require": {
                "php": ">=5.3.2",
                "symfony/symfony": ">=2.1",
                "friendsofsymfony/user-bundle": "2.0.*@dev"
            },
            "require-dev": {
                "doctrine/orm": "2.*"
            },
            "time": "2012-12-28 21:01:04",
            "type": "symfony-bundle",
            "installation-source": "source",
            "autoload": {
                "psr-0": {
                    "Tempo\\UserBundle": ""
                }
            },
            "notification-url": "https://packagist.org/downloads/",
            "license": [
                "MIT"
            ],
            "authors": [
                {
                    "name": "Mlanawo Mbechezi",
                    "email": "mlanawo.mbechezi@ikimea.com",
                    "homepage": "http://www.ikimea.com"
                },
                {
                    "name": "Community contributions",
                    "homepage": "https://github.com/tempo-project/TempoUserBundle/contributors"
                }
            ],
            "description": "User management Tempo - Symfony2 Project Management Software.",
            "homepage": "http://tempo.ikimea.com",
            "keywords": [
                "Symfony2",
                "crm",
                "management",
                "timesheet"
            ]
        }
    ],
    "aliases": [

    ],
    "minimum-stability": "dev",
    "stability-flags": {
        "tempo/userbundle": 20,
        "symfony/swiftmailer-bundle": 20
    }
}
